# @generated - this file is auto-generated by `mise lock` https://mise.jdx.dev/dev-tools/mise-lock.html

lockfile_version = 1

[[tools.biome]]
version = "2.5.14"
backend = "aqua:biomejs/biome"
specifiers = ["2.5.14"]

[tools.biome."platforms.linux-arm64"]
checksum = "sha256:50ac7f598985e21b15da57e5d87da0f7ab0c163e6f78eb6d4690309827d77ef8"
url = "https://github.com/biomejs/biome/releases/download/%40biomejs/biome%402.5.14/biome-linux-arm64"
url_api = "https://api.github.com/repos/biomejs/biome/releases/assets/567471272"
provenance = "github-attestations"

[tools.biome."platforms.linux-arm64-musl"]
checksum = "sha256:e97669c6e998e4a160c71bd97757eae21fe8c8cb58a044311096779cd1d00454"
url = "https://github.com/biomejs/biome/releases/download/%40biomejs/biome%402.5.14/biome-linux-arm64-musl"
url_api = "https://api.github.com/repos/biomejs/biome/releases/assets/567471270"
provenance = "github-attestations"

[tools.biome."platforms.linux-x64"]
checksum = "sha256:290c1c85deeaf01310d9187306060b53961574856a7e34f59d9662562e6f19fe"
url = "https://github.com/biomejs/biome/releases/download/%40biomejs/biome%402.5.14/biome-linux-x64"
url_api = "https://api.github.com/repos/biomejs/biome/releases/assets/567471264"
provenance = "github-attestations"

[tools.biome."platforms.linux-x64-musl"]
checksum = "sha256:d15a39b256ca1294fe8f8817f9162f7c26229ca0cb8bd19d0369540c1a01d781"
url = "https://github.com/biomejs/biome/releases/download/%40biomejs/biome%402.5.14/biome-linux-x64-musl"
url_api = "https://api.github.com/repos/biomejs/biome/releases/assets/567471265"
provenance = "github-attestations"

[tools.biome."platforms.macos-arm64"]
checksum = "sha256:3d1194d0a7b720315fb6f8cbafeb5b18ca7100c3e635e8ce82ef46b315de9c0e"
url = "https://github.com/biomejs/biome/releases/download/%40biomejs/biome%402.5.14/biome-darwin-arm64"
url_api = "https://api.github.com/repos/biomejs/biome/releases/assets/567471268"
provenance = "github-attestations"

[tools.biome."platforms.macos-x64"]
checksum = "sha256:b331448d7afb592cc4674e9bd6905eae5e79f5dd9b34b61b44803a6b7a91b801"
url = "https://github.com/biomejs/biome/releases/download/%40biomejs/biome%402.5.14/biome-darwin-x64"
url_api = "https://api.github.com/repos/biomejs/biome/releases/assets/567471271"
provenance = "github-attestations"

[tools.biome."platforms.windows-x64"]
checksum = "sha256:bef8f088617c8364314f55dffdc7b8ddabe12fee9e1e71f45f708a7027579280"
url = "https://github.com/biomejs/biome/releases/download/%40biomejs/biome%402.5.14/biome-win32-x64.exe"
url_api = "https://api.github.com/repos/biomejs/biome/releases/assets/567471269"
provenance = "github-attestations"

[[tools.hk]]
version = "2.4.0"
backend = "aqua:jdx/hk"
specifiers = ["2.4.0"]

[tools.hk."platforms.linux-arm64"]
checksum = "sha256:836235bd8aa06f25e7ff28591b32efb5297abe55366e912095636a49ffe4d363"
url = "https://github.com/jdx/hk/releases/download/v2.4.0/hk-aarch64-unknown-linux-gnu.tar.gz"
url_api = "https://api.github.com/repos/jdx/hk/releases/assets/594327179"

[tools.hk."platforms.linux-arm64-musl"]
checksum = "sha256:ad5c5a556e0a505d9a3441868217976bd4ae610e1364e93516993b9717d9ef28"
url = "https://github.com/jdx/hk/releases/download/v2.4.0/hk-aarch64-unknown-linux-musl.tar.gz"
url_api = "https://api.github.com/repos/jdx/hk/releases/assets/594327184"

[tools.hk."platforms.linux-x64"]
checksum = "sha256:6efabe30aeabc4611a42ce6cf0fd46b9a19478e2cfd9acfd1bd93998736f3153"
url = "https://github.com/jdx/hk/releases/download/v2.4.0/hk-x86_64-unknown-linux-gnu.tar.gz"
url_api = "https://api.github.com/repos/jdx/hk/releases/assets/594327200"

[tools.hk."platforms.linux-x64-musl"]
checksum = "sha256:f34598671ca40be5c308324a60ef30b736dbbbf4259dfb511abd79009ee4de2a"
url = "https://github.com/jdx/hk/releases/download/v2.4.0/hk-x86_64-unknown-linux-musl.tar.gz"
url_api = "https://api.github.com/repos/jdx/hk/releases/assets/594327202"

[tools.hk."platforms.macos-arm64"]
checksum = "sha256:6e1c970b9de7ab4ee52c85869b2ea9cfe8769d25a0fe9536062e0ba62366ec59"
url = "https://github.com/jdx/hk/releases/download/v2.4.0/hk-aarch64-apple-darwin.tar.gz"
url_api = "https://api.github.com/repos/jdx/hk/releases/assets/594327181"

[tools.hk."platforms.windows-x64"]
checksum = "sha256:028931e00fd670ad891a428bf44e14ac8e2726a8f72b7fae80b27b6502af2be3"
url = "https://github.com/jdx/hk/releases/download/v2.4.0/hk-x86_64-pc-windows-msvc.zip"
url_api = "https://api.github.com/repos/jdx/hk/releases/assets/594327180"

[[tools.pitchfork]]
version = "2.23.0"
backend = "aqua:jdx/pitchfork"
specifiers = ["2.23.0"]

[tools.pitchfork."platforms.linux-arm64"]
checksum = "sha256:f3917d35991bb5c1bcb9e0f40f21ade55c2b9d2a81c580e8035ea5cbf24d2820"
url = "https://github.com/jdx/pitchfork/releases/download/v2.23.0/pitchfork-aarch64-unknown-linux-gnu.tar.gz"
url_api = "https://api.github.com/repos/jdx/pitchfork/releases/assets/530648398"

[tools.pitchfork."platforms.linux-x64"]
checksum = "sha256:e2d932de87fbf1faeec38ea2b1534bedaf305938456f92fdd35cabeb17ea79ca"
url = "https://github.com/jdx/pitchfork/releases/download/v2.23.0/pitchfork-x86_64-unknown-linux-gnu.tar.gz"
url_api = "https://api.github.com/repos/jdx/pitchfork/releases/assets/530647237"

[tools.pitchfork."platforms.macos-arm64"]
checksum = "sha256:8e206fa6d8dc5032dd19ffd2847898b8b1bbd883a69a22c073aea782fef8c7a7"
url = "https://github.com/jdx/pitchfork/releases/download/v2.23.0/pitchfork-aarch64-apple-darwin.tar.gz"
url_api = "https://api.github.com/repos/jdx/pitchfork/releases/assets/530652428"

[tools.pitchfork."platforms.windows-x64"]
checksum = "sha256:f531f4c3449d757bb8e300a7b190dad40cc9aa9946612bfd10f28391a96c2711"
url = "https://github.com/jdx/pitchfork/releases/download/v2.23.0/pitchfork-x86_64-pc-windows-msvc.zip"
url_api = "https://api.github.com/repos/jdx/pitchfork/releases/assets/530657294"
